
Microsoft Visual Studio Solution File, Format Version 12.00
# Visual Studio Version 16
VisualStudioVersion = 16.0.810.20
MinimumVisualStudioVersion = 10.0.40219.1
Project("{FAE04EC0-301F-11D3-BF4B-00C04F79EFBC}") = "Exercises", "Exercises\Exercises.csproj", "{3BF9EA73-8382-4F8C-BB58-95527A86F27A}"
EndProject
Project("{FAE04EC0-301F-11D3-BF4B-00C04F79EFBC}") = "UTestExercises", "UTestExercises\UTestExercises.csproj", "{6C7AC7E2-6611-48AB-8034-C8D09FE5E5BC}"
EndProject
Global
	GlobalSection(SolutionConfigurationPlatforms) = preSolution
		Debug|Any CPU = Debug|Any CPU
		Release|Any CPU = Release|Any CPU
	EndGlobalSection
	GlobalSection(ProjectConfigurationPlatforms) = postSolution
		{3BF9EA73-8382-4F8C-BB58-95527A86F27A}.Debug|Any CPU.ActiveCfg = Debug|Any CPU
		{3BF9EA73-8382-4F8C-BB58-95527A86F27A}.Debug|Any CPU.Build.0 = Debug|Any CPU
		{3BF9EA73-8382-4F8C-BB58-95527A86F27A}.Release|Any CPU.ActiveCfg = Release|Any CPU
		{3BF9EA73-8382-4F8C-BB58-95527A86F27A}.Release|Any CPU.Build.0 = Release|Any CPU
		{6C7AC7E2-6611-48AB-8034-C8D09FE5E5BC}.Debug|Any CPU.ActiveCfg = Debug|Any CPU
		{6C7AC7E2-6611-48AB-8034-C8D09FE5E5BC}.Debug|Any CPU.Build.0 = Debug|Any CPU
		{6C7AC7E2-6611-48AB-8034-C8D09FE5E5BC}.Release|Any CPU.ActiveCfg = Release|Any CPU
		{6C7AC7E2-6611-48AB-8034-C8D09FE5E5BC}.Release|Any CPU.Build.0 = Release|Any CPU
	EndGlobalSection
	GlobalSection(SolutionProperties) = preSolution
		HideSolutionNode = FALSE
	EndGlobalSection
	GlobalSection(ExtensibilityGlobals) = postSolution
		SolutionGuid = {B60A16FB-726D-4410-92E9-85220FEE0201}
	EndGlobalSection
EndGlobal
